lockfileVersion: 5.4

importers:

  .:
    specifiers: {}

  ../../libs/harmony:
    specifiers:
      '@babel/runtime': 7.12.18
      '@types/comment-json': 1.1.1
      '@types/fs-extra': 8.1.0
      '@types/jest': 26.0.20
      '@types/node': '*'
      cleargraph: 5.6.0
      comment-json: 3.0.3
      fs-extra: 8.1.0
      reflect-metadata: 0.1.13
      typescript: 4.7.4
      user-home: 2.0.0
    dependencies:
      cleargraph: 5.6.0
      comment-json: 3.0.3
      fs-extra: 8.1.0
      reflect-metadata: 0.1.13
      user-home: 2.0.0
    devDependencies:
      '@babel/runtime': 7.12.18
      '@types/comment-json': 1.1.1
      '@types/fs-extra': 8.1.0
      '@types/jest': 26.0.20
      '@types/node': 18.6.5
      typescript: 4.7.4

packages:

  /@babel/runtime/7.12.18:
    resolution: {integrity: sha512-BogPQ7ciE6SYAUPtlm9tWbgI9+2AgqSam6QivMgXgAT+fKbgppaj4ZX15MHeLC1PVF5sNk70huBu20XxWOs8Cg==}
    dependencies:
      regenerator-runtime: 0.13.9
    dev: true

  /@jest/types/26.6.2:
    resolution: {integrity: sha512-fC6QCp7Sc5sX6g8Tvbmj4XUTbyrik0akgRy03yjXbQaBWWNWGE7SGtJk98m0N8nzegD/7SggrUlivxo5ax4KWQ==}
    engines: {node: '>= 10.14.2'}
    dependencies:
      '@types/istanbul-lib-coverage': 2.0.4
      '@types/istanbul-reports': 3.0.1
      '@types/node': 18.6.5
      '@types/yargs': 15.0.14
      chalk: 4.1.2
    dev: true

  /@types/comment-json/1.1.1:
    resolution: {integrity: sha512-U70oEqvnkeSSp8BIJwJclERtT13rd9ejK7XkIzMCQQePZe3VW1b7iQggXyW4ZvfGtGeXD0pZw24q5iWNe++HqQ==}
    dev: true

  /@types/fs-extra/8.1.0:
    resolution: {integrity: sha512-UoOfVEzAUpeSPmjm7h1uk5MH6KZma2z2O7a75onTGjnNvAvMVrPzPL/vBbT65iIGHWj6rokwfmYcmxmlSf2uwg==}
    dependencies:
      '@types/node': 18.6.5
    dev: true

  /@types/istanbul-lib-coverage/2.0.4:
    resolution: {integrity: sha512-z/QT1XN4K4KYuslS23k62yDIDLwLFkzxOuMplDtObz0+y7VqJCaO2o+SPwHCvLFZh7xazvvoor2tA/hPz9ee7g==}
    dev: true

  /@types/istanbul-lib-report/3.0.0:
    resolution: {integrity: sha512-plGgXAPfVKFoYfa9NpYDAkseG+g6Jr294RqeqcqDixSbU34MZVJRi/P+7Y8GDpzkEwLaGZZOpKIEmeVZNtKsrg==}
    dependencies:
      '@types/istanbul-lib-coverage': 2.0.4
    dev: true

  /@types/istanbul-reports/3.0.1:
    resolution: {integrity: sha512-c3mAZEuK0lvBp8tmuL74XRKn1+y2dcwOUpH7x4WrF6gk1GIgiluDRgMYQtw2OFcBvAJWlt6ASU3tSqxp0Uu0Aw==}
    dependencies:
      '@types/istanbul-lib-report': 3.0.0
    dev: true

  /@types/jest/26.0.20:
    resolution: {integrity: sha512-9zi2Y+5USJRxd0FsahERhBwlcvFh6D2GLQnY2FH2BzK8J9s9omvNHIbvABwIluXa0fD8XVKMLTO0aOEuUfACAA==}
    dependencies:
      jest-diff: 26.6.2
      pretty-format: 26.6.2
    dev: true

  /@types/node/18.6.5:
    resolution: {integrity: sha512-Xjt5ZGUa5WusGZJ4WJPbOT8QOqp6nDynVFRKcUt32bOgvXEoc6o085WNkYTMO7ifAj2isEfQQ2cseE+wT6jsRw==}
    dev: true

  /@types/yargs-parser/21.0.0:
    resolution: {integrity: sha512-iO9ZQHkZxHn4mSakYV0vFHAVDyEOIJQrV2uZ06HxEPcx+mt8swXoZHIbaaJ2crJYFfErySgktuTZ3BeLz+XmFA==}
    dev: true

  /@types/yargs/15.0.14:
    resolution: {integrity: sha512-yEJzHoxf6SyQGhBhIYGXQDSCkJjB6HohDShto7m8vaKg9Yp0Yn8+71J9eakh2bnPg6BfsH9PRMhiRTZnd4eXGQ==}
    dependencies:
      '@types/yargs-parser': 21.0.0
    dev: true

  /ansi-regex/5.0.1:
    resolution: {integrity: sha512-quJQXlTSUGL2LH9SUXo8VwsY4soanhgo6LNSm84E1LBcE8s3O0wpdiRzyR9z/ZZJMlMWv37qOOb9pdJlMUEKFQ==}
    engines: {node: '>=8'}
    dev: true

  /ansi-styles/4.3.0:
    resolution: {integrity: sha512-zbB9rCJAT1rbjiVDb2hqKFHNYLxgtk8NURxZ3IZwD3F6NtxbXZQCnnSi1Lkx+IDohdPlFp222wVALIheZJQSEg==}
    engines: {node: '>=8'}
    dependencies:
      color-convert: 2.0.1
    dev: true

  /chalk/4.1.2:
    resolution: {integrity: sha512-oKnbhFyRIXpUuez8iBMmyEa4nbj4IOQyuhc/wy9kY7/WVPcwIO9VA668Pu8RkO7+0G76SLROeyw9CpQ061i4mA==}
    engines: {node: '>=10'}
    dependencies:
      ansi-styles: 4.3.0
      supports-color: 7.2.0
    dev: true

  /cleargraph/5.6.0:
    resolution: {integrity: sha512-5SucKbrX41f9nncT0zhv+7fnUrthHFY0V9U2xIwzerWlBzeqwu+HG1ubIJwB3z1znGsflEAXRSAMqyeGJBYcvQ==}
    dependencies:
      graphlib: 2.1.8
      lodash: 4.17.21
      typescript: 3.9.10
    dev: false

  /color-convert/2.0.1:
    resolution: {integrity: sha512-RRECPsj7iu/xb5oKYcsFHSppFNnsj/52OVTRKb4zP5onXwVF3zVmmToNcOfGC+CRDpfK/U584fMg38ZHCaElKQ==}
    engines: {node: '>=7.0.0'}
    dependencies:
      color-name: 1.1.4
    dev: true

  /color-name/1.1.4:
    resolution: {integrity: sha512-dOy+3AuW3a2wNbZHIuMZpTcgjGuLU/uBL/ubcZF9OXbDo8ff4O8yVp5Bf0efS8uEoYo5q4Fx7dY9OgQGXgAsQA==}
    dev: true

  /comment-json/3.0.3:
    resolution: {integrity: sha512-P7XwYkC3qjIK45EAa9c5Y3lR7SMXhJqwFdWg3niAIAcbk3zlpKDdajV8Hyz/Y3sGNn3l+YNMl8A2N/OubSArHg==}
    engines: {node: '>= 6'}
    dependencies:
      core-util-is: 1.0.3
      esprima: 4.0.1
      has-own-prop: 2.0.0
      repeat-string: 1.6.1
    dev: false

  /core-util-is/1.0.3:
    resolution: {integrity: sha512-ZQBvi1DcpJ4GDqanjucZ2Hj3wEO5pZDS89BWbkcrvdxksJorwUDDZamX9ldFkp9aw2lmBDLgkObEA4DWNJ9FYQ==}
    dev: false

  /diff-sequences/26.6.2:
    resolution: {integrity: sha512-Mv/TDa3nZ9sbc5soK+OoA74BsS3mL37yixCvUAQkiuA4Wz6YtwP/K47n2rv2ovzHZvoiQeA5FTQOschKkEwB0Q==}
    engines: {node: '>= 10.14.2'}
    dev: true

  /esprima/4.0.1:
    resolution: {integrity: sha512-eGuFFw7Upda+g4p+QHvnW0RyTX/SVeJBDM/gCtMARO0cLuT2HcEKnTPvhjV6aGeqrCB/sbNop0Kszm0jsaWU4A==}
    engines: {node: '>=4'}
    hasBin: true
    dev: false

  /fs-extra/8.1.0:
    resolution: {integrity: sha512-yhlQgA6mnOJUKOsRUFsgJdQCvkKhcz8tlZG5HBQfReYZy46OwLcY+Zia0mtdHsOo9y/hP+CxMN0TU9QxoOtG4g==}
    engines: {node: '>=6 <7 || >=8'}
    dependencies:
      graceful-fs: 4.2.10
      jsonfile: 4.0.0
      universalify: 0.1.2
    dev: false

  /graceful-fs/4.2.10:
    resolution: {integrity: sha512-9ByhssR2fPVsNZj478qUUbKfmL0+t5BDVyjShtyZZLiK7ZDAArFFfopyOTj0M05wE2tJPisA4iTnnXl2YoPvOA==}
    dev: false

  /graphlib/2.1.8:
    resolution: {integrity: sha512-jcLLfkpoVGmH7/InMC/1hIvOPSUh38oJtGhvrOFGzioE1DZ+0YW16RgmOJhHiuWTvGiJQ9Z1Ik43JvkRPRvE+A==}
    dependencies:
      lodash: 4.17.21
    dev: false

  /has-flag/4.0.0:
    resolution: {integrity: sha512-EykJT/Q1KjTWctppgIAgfSO0tKVuZUjhgMr17kqTumMl6Afv3EISleU7qZUzoXDFTAHTDC4NOoG/ZxU3EvlMPQ==}
    engines: {node: '>=8'}
    dev: true

  /has-own-prop/2.0.0:
    resolution: {integrity: sha512-Pq0h+hvsVm6dDEa8x82GnLSYHOzNDt7f0ddFa3FqcQlgzEiptPqL+XrOJNavjOzSYiYWIrgeVYYgGlLmnxwilQ==}
    engines: {node: '>=8'}
    dev: false

  /jest-diff/26.6.2:
    resolution: {integrity: sha512-6m+9Z3Gv9wN0WFVasqjCL/06+EFCMTqDEUl/b87HYK2rAPTyfz4ZIuSlPhY51PIQRWx5TaxeF1qmXKe9gfN3sA==}
    engines: {node: '>= 10.14.2'}
    dependencies:
      chalk: 4.1.2
      diff-sequences: 26.6.2
      jest-get-type: 26.3.0
      pretty-format: 26.6.2
    dev: true

  /jest-get-type/26.3.0:
    resolution: {integrity: sha512-TpfaviN1R2pQWkIihlfEanwOXK0zcxrKEE4MlU6Tn7keoXdN6/3gK/xl0yEh8DOunn5pOVGKf8hB4R9gVh04ig==}
    engines: {node: '>= 10.14.2'}
    dev: true

  /jsonfile/4.0.0:
    resolution: {integrity: sha512-m6F1R3z8jjlf2imQHS2Qez5sjKWQzbuuhuJ/FKYFRZvPE3PuHcSMVZzfsLhGVOkfd20obL5SWEBew5ShlquNxg==}
    optionalDependencies:
      graceful-fs: 4.2.10
    dev: false

  /lodash/4.17.21:
    resolution: {integrity: sha512-v2kDEe57lecTulaDIuNTPy3Ry4gLGJ6Z1O3vE1krgXZNrsQ+LFTGHVxVjcXPs17LhbZVGedAJv8XZ1tvj5FvSg==}
    dev: false

  /os-homedir/1.0.2:
    resolution: {integrity: sha512-B5JU3cabzk8c67mRRd3ECmROafjYMXbuzlwtqdM8IbS8ktlTix8aFGb2bAGKrSRIlnfKwovGUUr72JUPyOb6kQ==}
    engines: {node: '>=0.10.0'}
    dev: false

  /pretty-format/26.6.2:
    resolution: {integrity: sha512-7AeGuCYNGmycyQbCqd/3PWH4eOoX/OiCa0uphp57NVTeAGdJGaAliecxwBDHYQCIvrW7aDBZCYeNTP/WX69mkg==}
    engines: {node: '>= 10'}
    dependencies:
      '@jest/types': 26.6.2
      ansi-regex: 5.0.1
      ansi-styles: 4.3.0
      react-is: 17.0.2
    dev: true

  /react-is/17.0.2:
    resolution: {integrity: sha512-w2GsyukL62IJnlaff/nRegPQR94C/XXamvMWmSHRJ4y7Ts/4ocGRmTHvOs8PSE6pB3dWOrD/nueuU5sduBsQ4w==}
    dev: true

  /reflect-metadata/0.1.13:
    resolution: {integrity: sha512-Ts1Y/anZELhSsjMcU605fU9RE4Oi3p5ORujwbIKXfWa+0Zxs510Qrmrce5/Jowq3cHSZSJqBjypxmHarc+vEWg==}
    dev: false

  /regenerator-runtime/0.13.9:
    resolution: {integrity: sha512-p3VT+cOEgxFsRRA9X4lkI1E+k2/CtnKtU4gcxyaCUreilL/vqI6CdZ3wxVUx3UOUg+gnUOQQcRI7BmSI656MYA==}
    dev: true

  /repeat-string/1.6.1:
    resolution: {integrity: sha512-PV0dzCYDNfRi1jCDbJzpW7jNNDRuCOG/jI5ctQcGKt/clZD+YcPS3yIlWuTJMmESC8aevCFmWJy5wjAFgNqN6w==}
    engines: {node: '>=0.10'}
    dev: false

  /supports-color/7.2.0:
    resolution: {integrity: sha512-qpCAvRl9stuOHveKsn7HncJRvv501qIacKzQlO/+Lwxc9+0q2wLyv4Dfvt80/DPn2pqOBsJdDiogXGR9+OvwRw==}
    engines: {node: '>=8'}
    dependencies:
      has-flag: 4.0.0
    dev: true

  /typescript/3.9.10:
    resolution: {integrity: sha512-w6fIxVE/H1PkLKcCPsFqKE7Kv7QUwhU8qQY2MueZXWx5cPZdwFupLgKK3vntcK98BtNHZtAF4LA/yl2a7k8R6Q==}
    engines: {node: '>=4.2.0'}
    hasBin: true
    dev: false

  /typescript/4.7.4:
    resolution: {integrity: sha512-C0WQT0gezHuw6AdY1M2jxUO83Rjf0HP7Sk1DtXj6j1EwkQNZrHAg2XPWlq62oqEhYvONq5pkC2Y9oPljWToLmQ==}
    engines: {node: '>=4.2.0'}
    hasBin: true
    dev: true

  /universalify/0.1.2:
    resolution: {integrity: sha512-rBJeI5CXAlmy1pV+617WB9J63U6XcazHHF2f2dbJix4XzpUF0RS3Zbj0FGIOCAva5P/d/GBOYaACQ1w+0azUkg==}
    engines: {node: '>= 4.0.0'}
    dev: false

  /user-home/2.0.0:
    resolution: {integrity: sha512-KMWqdlOcjCYdtIJpicDSFBQ8nFwS2i9sslAd6f4+CBGcU4gist2REnr2fxj2YocvJFxSF3ZOHLYLVZnUxv4BZQ==}
    engines: {node: '>=0.10.0'}
    dependencies:
      os-homedir: 1.0.2
    dev: false
